
Microsoft Visual Studio Solution File, Format Version 12.00
# Visual Studio Version 16
VisualStudioVersion = 16.0.30001.183
MinimumVisualStudioVersion = 10.0.40219.1
Project("{8BC9CEB8-8B4A-11D0-8D11-00A0C91BC942}") = "MT-Miner", "MT-Miner\MT-Miner.vcxproj", "{C64622BF-1027-4DFF-ACAF-757B9B7608D6}"
EndProject
Project("{8BC9CEB8-8B4A-11D0-8D11-00A0C91BC942}") = "MT-Miner-UnitTests", "MT-Miner-UnitTests\MT-Miner-UnitTests.vcxproj", "{513288EB-2474-43DF-99CF-82D10AE8395D}"
EndProject
Project("{8BC9CEB8-8B4A-11D0-8D11-00A0C91BC942}") = "bitset-benchmark", "bitset-benchmark\bitset-benchmark.vcxproj", "{1B9DFCB3-C485-4FD8-A940-FA2255EAA668}"
EndProject
Project("{8BC9CEB8-8B4A-11D0-8D11-00A0C91BC942}") = "tpool", "tpool\tpool.vcxproj", "{20267CD0-E3C7-4CFD-BFD3-541DB7787351}"
EndProject
Project("{8BC9CEB8-8B4A-11D0-8D11-00A0C91BC942}") = "shd", "shd\shd.vcxproj", "{360104FF-9D15-4D55-BAF1-A4F3BF360E2E}"
EndProject
Global
	GlobalSection(SolutionConfigurationPlatforms) = preSolution
		Debug|x64 = Debug|x64
		Debug|x86 = Debug|x86
		Release|x64 = Release|x64
		Release|x86 = Release|x86
	EndGlobalSection
	GlobalSection(ProjectConfigurationPlatforms) = postSolution
		{C64622BF-1027-4DFF-ACAF-757B9B7608D6}.Debug|x64.ActiveCfg = Debug|x64
		{C64622BF-1027-4DFF-ACAF-757B9B7608D6}.Debug|x64.Build.0 = Debug|x64
		{C64622BF-1027-4DFF-ACAF-757B9B7608D6}.Debug|x86.ActiveCfg = Debug|Win32
		{C64622BF-1027-4DFF-ACAF-757B9B7608D6}.Debug|x86.Build.0 = Debug|Win32
		{C64622BF-1027-4DFF-ACAF-757B9B7608D6}.Release|x64.ActiveCfg = Release|x64
		{C64622BF-1027-4DFF-ACAF-757B9B7608D6}.Release|x64.Build.0 = Release|x64
		{C64622BF-1027-4DFF-ACAF-757B9B7608D6}.Release|x86.ActiveCfg = Release|Win32
		{C64622BF-1027-4DFF-ACAF-757B9B7608D6}.Release|x86.Build.0 = Release|Win32
		{513288EB-2474-43DF-99CF-82D10AE8395D}.Debug|x64.ActiveCfg = Debug|x64
		{513288EB-2474-43DF-99CF-82D10AE8395D}.Debug|x64.Build.0 = Debug|x64
		{513288EB-2474-43DF-99CF-82D10AE8395D}.Debug|x86.ActiveCfg = Debug|Win32
		{513288EB-2474-43DF-99CF-82D10AE8395D}.Debug|x86.Build.0 = Debug|Win32
		{513288EB-2474-43DF-99CF-82D10AE8395D}.Release|x64.ActiveCfg = Release|x64
		{513288EB-2474-43DF-99CF-82D10AE8395D}.Release|x64.Build.0 = Release|x64
		{513288EB-2474-43DF-99CF-82D10AE8395D}.Release|x86.ActiveCfg = Release|Win32
		{513288EB-2474-43DF-99CF-82D10AE8395D}.Release|x86.Build.0 = Release|Win32
		{1B9DFCB3-C485-4FD8-A940-FA2255EAA668}.Debug|x64.ActiveCfg = Debug|x64
		{1B9DFCB3-C485-4FD8-A940-FA2255EAA668}.Debug|x64.Build.0 = Debug|x64
		{1B9DFCB3-C485-4FD8-A940-FA2255EAA668}.Debug|x86.ActiveCfg = Debug|Win32
		{1B9DFCB3-C485-4FD8-A940-FA2255EAA668}.Debug|x86.Build.0 = Debug|Win32
		{1B9DFCB3-C485-4FD8-A940-FA2255EAA668}.Release|x64.ActiveCfg = Release|x64
		{1B9DFCB3-C485-4FD8-A940-FA2255EAA668}.Release|x64.Build.0 = Release|x64
		{1B9DFCB3-C485-4FD8-A940-FA2255EAA668}.Release|x86.ActiveCfg = Release|Win32
		{1B9DFCB3-C485-4FD8-A940-FA2255EAA668}.Release|x86.Build.0 = Release|Win32
		{20267CD0-E3C7-4CFD-BFD3-541DB7787351}.Debug|x64.ActiveCfg = Debug|x64
		{20267CD0-E3C7-4CFD-BFD3-541DB7787351}.Debug|x64.Build.0 = Debug|x64
		{20267CD0-E3C7-4CFD-BFD3-541DB7787351}.Debug|x86.ActiveCfg = Debug|Win32
		{20267CD0-E3C7-4CFD-BFD3-541DB7787351}.Debug|x86.Build.0 = Debug|Win32
		{20267CD0-E3C7-4CFD-BFD3-541DB7787351}.Release|x64.ActiveCfg = Release|x64
		{20267CD0-E3C7-4CFD-BFD3-541DB7787351}.Release|x64.Build.0 = Release|x64
		{20267CD0-E3C7-4CFD-BFD3-541DB7787351}.Release|x86.ActiveCfg = Release|Win32
		{20267CD0-E3C7-4CFD-BFD3-541DB7787351}.Release|x86.Build.0 = Release|Win32
		{360104FF-9D15-4D55-BAF1-A4F3BF360E2E}.Debug|x64.ActiveCfg = Debug|x64
		{360104FF-9D15-4D55-BAF1-A4F3BF360E2E}.Debug|x64.Build.0 = Debug|x64
		{360104FF-9D15-4D55-BAF1-A4F3BF360E2E}.Debug|x86.ActiveCfg = Debug|Win32
		{360104FF-9D15-4D55-BAF1-A4F3BF360E2E}.Debug|x86.Build.0 = Debug|Win32
		{360104FF-9D15-4D55-BAF1-A4F3BF360E2E}.Release|x64.ActiveCfg = Release|x64
		{360104FF-9D15-4D55-BAF1-A4F3BF360E2E}.Release|x64.Build.0 = Release|x64
		{360104FF-9D15-4D55-BAF1-A4F3BF360E2E}.Release|x86.ActiveCfg = Release|Win32
		{360104FF-9D15-4D55-BAF1-A4F3BF360E2E}.Release|x86.Build.0 = Release|Win32
	EndGlobalSection
	GlobalSection(SolutionProperties) = preSolution
		HideSolutionNode = FALSE
	EndGlobalSection
	GlobalSection(ExtensibilityGlobals) = postSolution
		SolutionGuid = {0488E123-A2D5-4F76-8D63-0BCE44BE0DAF}
	EndGlobalSection
EndGlobal
