Microsoft Visual Studio Solution File, Format Version 12.00
# Visual Studio 16
Project("{8BC9CEB8-8B4A-11D0-8D11-00A0C91BC942}") = "ALL_BUILD", "ALL_BUILD.vcxproj", "{8D58BEF8-401B-3926-9013-992326A2C2AF}"
	ProjectSection(ProjectDependencies) = postProject
		{4A83DAC1-72FA-3DE1-B80E-5DE60BD9C378} = {4A83DAC1-72FA-3DE1-B80E-5DE60BD9C378}
		{6E2AB91E-2997-3CA5-BC53-C90A0A2701AA} = {6E2AB91E-2997-3CA5-BC53-C90A0A2701AA}
	EndProjectSection
EndProject
Project("{8BC9CEB8-8B4A-11D0-8D11-00A0C91BC942}") = "ZERO_CHECK", "ZERO_CHECK.vcxproj", "{4A83DAC1-72FA-3DE1-B80E-5DE60BD9C378}"
	ProjectSection(ProjectDependencies) = postProject
	EndProjectSection
EndProject
Project("{8BC9CEB8-8B4A-11D0-8D11-00A0C91BC942}") = "mt_miner", "mt_miner.vcxproj", "{6E2AB91E-2997-3CA5-BC53-C90A0A2701AA}"
	ProjectSection(ProjectDependencies) = postProject
		{4A83DAC1-72FA-3DE1-B80E-5DE60BD9C378} = {4A83DAC1-72FA-3DE1-B80E-5DE60BD9C378}
	EndProjectSection
EndProject
Global
	GlobalSection(SolutionConfigurationPlatforms) = preSolution
		Debug|x64 = Debug|x64
		Release|x64 = Release|x64
		MinSizeRel|x64 = MinSizeRel|x64
		RelWithDebInfo|x64 = RelWithDebInfo|x64
	EndGlobalSection
	GlobalSection(ProjectConfigurationPlatforms) = postSolution
		{8D58BEF8-401B-3926-9013-992326A2C2AF}.Debug|x64.ActiveCfg = Debug|x64
		{8D58BEF8-401B-3926-9013-992326A2C2AF}.Release|x64.ActiveCfg = Release|x64
		{8D58BEF8-401B-3926-9013-992326A2C2AF}.MinSizeRel|x64.ActiveCfg = MinSizeRel|x64
		{8D58BEF8-401B-3926-9013-992326A2C2AF}.RelWithDebInfo|x64.ActiveCfg = RelWithDebInfo|x64
		{4A83DAC1-72FA-3DE1-B80E-5DE60BD9C378}.Debug|x64.ActiveCfg = Debug|x64
		{4A83DAC1-72FA-3DE1-B80E-5DE60BD9C378}.Debug|x64.Build.0 = Debug|x64
		{4A83DAC1-72FA-3DE1-B80E-5DE60BD9C378}.Release|x64.ActiveCfg = Release|x64
		{4A83DAC1-72FA-3DE1-B80E-5DE60BD9C378}.Release|x64.Build.0 = Release|x64
		{4A83DAC1-72FA-3DE1-B80E-5DE60BD9C378}.MinSizeRel|x64.ActiveCfg = MinSizeRel|x64
		{4A83DAC1-72FA-3DE1-B80E-5DE60BD9C378}.MinSizeRel|x64.Build.0 = MinSizeRel|x64
		{4A83DAC1-72FA-3DE1-B80E-5DE60BD9C378}.RelWithDebInfo|x64.ActiveCfg = RelWithDebInfo|x64
		{4A83DAC1-72FA-3DE1-B80E-5DE60BD9C378}.RelWithDebInfo|x64.Build.0 = RelWithDebInfo|x64
		{6E2AB91E-2997-3CA5-BC53-C90A0A2701AA}.Debug|x64.ActiveCfg = Debug|x64
		{6E2AB91E-2997-3CA5-BC53-C90A0A2701AA}.Debug|x64.Build.0 = Debug|x64
		{6E2AB91E-2997-3CA5-BC53-C90A0A2701AA}.Release|x64.ActiveCfg = Release|x64
		{6E2AB91E-2997-3CA5-BC53-C90A0A2701AA}.Release|x64.Build.0 = Release|x64
		{6E2AB91E-2997-3CA5-BC53-C90A0A2701AA}.MinSizeRel|x64.ActiveCfg = MinSizeRel|x64
		{6E2AB91E-2997-3CA5-BC53-C90A0A2701AA}.MinSizeRel|x64.Build.0 = MinSizeRel|x64
		{6E2AB91E-2997-3CA5-BC53-C90A0A2701AA}.RelWithDebInfo|x64.ActiveCfg = RelWithDebInfo|x64
		{6E2AB91E-2997-3CA5-BC53-C90A0A2701AA}.RelWithDebInfo|x64.Build.0 = RelWithDebInfo|x64
	EndGlobalSection
	GlobalSection(ExtensibilityGlobals) = postSolution
		SolutionGuid = {CE21592C-FC59-3EF4-9AD3-0FEA45E9054A}
	EndGlobalSection
	GlobalSection(ExtensibilityAddIns) = postSolution
	EndGlobalSection
EndGlobal
