<?xml version="1.0" encoding="utf-8"?>
<Project ToolsVersion="16.0" xmlns="http://schemas.microsoft.com/developer/msbuild/2003">
  <ItemGroup>
    <CustomBuild Include="D:\dev\repository\MT-Miner\MT-Miner\build990\CMakeFiles\41352b3f58298673aef04a6fa3e5cf80\generate.stamp.rule">
      <Filter>CMake Rules</Filter>
    </CustomBuild>
  </ItemGroup>
  <ItemGroup>
    <Filter Include="CMake Rules">
      <UniqueIdentifier>{BDC38855-82F9-3C72-9E21-E2D56512BB38}</UniqueIdentifier>
    </Filter>
  </ItemGroup>
</Project>
